
Microsoft Visual Studio Solution File, Format Version 12.00
# Visual Studio Version 17
VisualStudioVersion = 17.13.35825.156 d17.13
MinimumVisualStudioVersion = 10.0.40219.1
Project("{FAE04EC0-301F-11D3-BF4B-00C04F79EFBC}") = "fila de atrndimento", "fila de atrndimento\fila de atrndimento.csproj", "{861AC97C-DFD5-4310-9488-9231501FB56E}"
EndProject
Global
	GlobalSection(SolutionConfigurationPlatforms) = preSolution
		Debug|Any CPU = Debug|Any CPU
		Release|Any CPU = Release|Any CPU
	EndGlobalSection
	GlobalSection(ProjectConfigurationPlatforms) = postSolution
		{861AC97C-DFD5-4310-9488-9231501FB56E}.Debug|Any CPU.ActiveCfg = Debug|Any CPU
		{861AC97C-DFD5-4310-9488-9231501FB56E}.Debug|Any CPU.Build.0 = Debug|Any CPU
		{861AC97C-DFD5-4310-9488-9231501FB56E}.Release|Any CPU.ActiveCfg = Release|Any CPU
		{861AC97C-DFD5-4310-9488-9231501FB56E}.Release|Any CPU.Build.0 = Release|Any CPU
	EndGlobalSection
	GlobalSection(SolutionProperties) = preSolution
		HideSolutionNode = FALSE
	EndGlobalSection
	GlobalSection(ExtensibilityGlobals) = postSolution
		SolutionGuid = {0595A248-8F1A-4BC7-A287-14078EB38E03}
	EndGlobalSection
EndGlobal
